
Microsoft Visual Studio Solution File, Format Version 12.00
# Visual Studio Version 17
VisualStudioVersion = 17.13.35825.156 d17.13
MinimumVisualStudioVersion = 10.0.40219.1
Project("{FAE04EC0-301F-11D3-BF4B-00C04F79EFBC}") = "JobFinder", "JobFinder\JobFinder.csproj", "{D9A1CAE1-78C6-472D-B9AA-72D6FBB5174F}"
EndProject
Global
	GlobalSection(SolutionConfigurationPlatforms) = preSolution
		Debug|Any CPU = Debug|Any CPU
		Release|Any CPU = Release|Any CPU
	EndGlobalSection
	GlobalSection(ProjectConfigurationPlatforms) = postSolution
		{D9A1CAE1-78C6-472D-B9AA-72D6FBB5174F}.Debug|Any CPU.ActiveCfg = Debug|Any CPU
		{D9A1CAE1-78C6-472D-B9AA-72D6FBB5174F}.Debug|Any CPU.Build.0 = Debug|Any CPU
		{D9A1CAE1-78C6-472D-B9AA-72D6FBB5174F}.Release|Any CPU.ActiveCfg = Release|Any CPU
		{D9A1CAE1-78C6-472D-B9AA-72D6FBB5174F}.Release|Any CPU.Build.0 = Release|Any CPU
	EndGlobalSection
	GlobalSection(SolutionProperties) = preSolution
		HideSolutionNode = FALSE
	EndGlobalSection
	GlobalSection(ExtensibilityGlobals) = postSolution
		SolutionGuid = {B42D1B5E-FFD0-4CB3-A27B-8A1DA87B1735}
	EndGlobalSection
EndGlobal
